{
  "version": "3",
  "packages": {
    "specifiers": {
      "npm:three@^0.154": "npm:three@0.154.0"
    },
    "npm": {
      "three@0.154.0": {
        "integrity": "sha512-Uzz8C/5GesJzv8i+Y2prEMYUwodwZySPcNhuJUdsVMH2Yn4Nm8qlbQe6qRN5fOhg55XB0WiLfTPBxVHxpE60ug==",
        "dependencies": {}
      }
    }
  },
  "redirects": {
    "https://cdn.skypack.dev/three?dts": "https://cdn.skypack.dev/error/build:three@v0.159.0-xCN2NUQrEpIY3qgqC6Sv"
  },
  "remote": {
    "https://cdn.skypack.dev/-/fflate@v0.8.2-5l9B8rfElbxSDZ5tcGZe/dist=es2019,mode=imports,min/optimized/fflate.js": "2f6e5e1b027a0608592f3568245555bc67dd0301f39feba925f0dd566712cba0",
    "https://cdn.skypack.dev/-/three@v0.150.1-r75e9MvYwn7pBFuUt6Gu/dist=es2019,mode=imports/optimized/three.js": "2d271738d69dfd2e2cec67019257ff4e9b49aa519c19acd34890adace27197f3",
    "https://cdn.skypack.dev/error/build:three@v0.159.0-xCN2NUQrEpIY3qgqC6Sv": "5439f4adc859a5aa522b9c5d89d676038fef46f44817e94603793592e0721692",
    "https://cdn.skypack.dev/fflate?min": "41d0f54d1836564304e08f5cf6ce59bf58c9dd7f1385f84d76c5d3ccf6c7799e",
    "https://cdn.skypack.dev/three?dts": "0f0e4ff8a61f2b0212c3c0943e13aeed8ae7d9095615604a06c0f8d0115daaae",
    "https://deno.land/std@0.110.0/_util/assert.ts": "2f868145a042a11d5ad0a3c748dcf580add8a0dbc0e876eaa0026303a5488f58",
    "https://deno.land/std@0.110.0/_util/os.ts": "dfb186cc4e968c770ab6cc3288bd65f4871be03b93beecae57d657232ecffcac",
    "https://deno.land/std@0.110.0/fs/_util.ts": "f2ce811350236ea8c28450ed822a5f42a0892316515b1cd61321dec13569c56b",
    "https://deno.land/std@0.110.0/fs/copy.ts": "631bbafbfe6cba282158abc8aeb7e8251cc69a7ec28ce12878ea1b75fec2add4",
    "https://deno.land/std@0.110.0/fs/empty_dir.ts": "5f08b263dd064dc7917c4bbeb13de0f5505a664b9cdfe312fa86e7518cfaeb84",
    "https://deno.land/std@0.110.0/fs/ensure_dir.ts": "b7c103dc41a3d1dbbb522bf183c519c37065fdc234831a4a0f7d671b1ed5fea7",
    "https://deno.land/std@0.110.0/fs/ensure_file.ts": "c06031af24368e80c330897e4b8e9109efc8602ffabc8f3e2306be07529e1d13",
    "https://deno.land/std@0.110.0/fs/ensure_link.ts": "26e54363508b822afd87a3f6e873bbbcd6b5993dd638f8170758c16262a75065",
    "https://deno.land/std@0.110.0/fs/ensure_symlink.ts": "c07b6d19ef58b6f5c671ffa942e7f9be50315f4f78e2f9f511626fd2e13beccc",
    "https://deno.land/std@0.110.0/fs/eol.ts": "afaebaaac36f48c423b920c836551997715672b80a0fee9aa7667c181a94f2df",
    "https://deno.land/std@0.110.0/fs/exists.ts": "b0d2e31654819cc2a8d37df45d6b14686c0cc1d802e9ff09e902a63e98b85a00",
    "https://deno.land/std@0.110.0/fs/expand_glob.ts": "756e8f9a06cd25e05f62b2941657f6f3fc73563bf77f14edaa472eaf9949910e",
    "https://deno.land/std@0.110.0/fs/mod.ts": "26eee4b52a8c516e37d464094b080ff6822883e7f01ff0ba0a72b8dcd54b9927",
    "https://deno.land/std@0.110.0/fs/move.ts": "4623058e39bbbeb3ad30aeff9c974c55d2d574ad7c480295c12b04c244686a99",
    "https://deno.land/std@0.110.0/fs/walk.ts": "f633829f967d2979ab285dbfb09eb0d7d000fd175b95156b63fcede435d1a807",
    "https://deno.land/std@0.110.0/path/_constants.ts": "1247fee4a79b70c89f23499691ef169b41b6ccf01887a0abd131009c5581b853",
    "https://deno.land/std@0.110.0/path/_interface.ts": "1fa73b02aaa24867e481a48492b44f2598cd9dfa513c7b34001437007d3642e4",
    "https://deno.land/std@0.110.0/path/_util.ts": "2e06a3b9e79beaf62687196bd4b60a4c391d862cfa007a20fc3a39f778ba073b",
    "https://deno.land/std@0.110.0/path/common.ts": "f41a38a0719a1e85aa11c6ba3bea5e37c15dd009d705bd8873f94c833568cbc4",
    "https://deno.land/std@0.110.0/path/glob.ts": "46708a3249cb5dc4a116cae3055114d6339bd5f0c1f412db6a4e0cb44c828a7d",
    "https://deno.land/std@0.110.0/path/mod.ts": "4465dc494f271b02569edbb4a18d727063b5dbd6ed84283ff906260970a15d12",
    "https://deno.land/std@0.110.0/path/posix.ts": "34349174b9cd121625a2810837a82dd8b986bbaaad5ade690d1de75bbb4555b2",
    "https://deno.land/std@0.110.0/path/separator.ts": "8fdcf289b1b76fd726a508f57d3370ca029ae6976fcde5044007f062e643ff1c",
    "https://deno.land/std@0.110.0/path/win32.ts": "2edb2f71f10578ee1168de01a8cbd3c65483e45a46bc2fa3156a0c6bfbd2720d",
    "https://deno.land/std@0.133.0/_deno_unstable.ts": "23a1a36928f1b6d3b0170aaa67de09af12aa998525f608ff7331b9fb364cbde6",
    "https://deno.land/std@0.133.0/_util/assert.ts": "e94f2eb37cebd7f199952e242c77654e43333c1ac4c5c700e929ea3aa5489f74",
    "https://deno.land/std@0.133.0/_util/os.ts": "49b92edea1e82ba295ec946de8ffd956ed123e2948d9bd1d3e901b04e4307617",
    "https://deno.land/std@0.133.0/fs/_util.ts": "0fb24eb4bfebc2c194fb1afdb42b9c3dda12e368f43e8f2321f84fc77d42cb0f",
    "https://deno.land/std@0.133.0/fs/copy.ts": "9248d1492599957af8c693ceb10a432b09f0b0b61c60a4d6aff29b0c7d3a17b3",
    "https://deno.land/std@0.133.0/fs/empty_dir.ts": "7274d87160de34cbed0531e284df383045cf43543bbeadeb97feac598bd8f3c5",
    "https://deno.land/std@0.133.0/fs/ensure_dir.ts": "9dc109c27df4098b9fc12d949612ae5c9c7169507660dcf9ad90631833209d9d",
    "https://deno.land/std@0.133.0/fs/ensure_file.ts": "7d353e64fee3d4d1e7c6b6726a2a5e987ba402c15fb49566309042887349c545",
    "https://deno.land/std@0.133.0/fs/ensure_link.ts": "489e23df9fe3e6636048b5830ddf0f111eb29621eb85719255ad9bd645f3471b",
    "https://deno.land/std@0.133.0/fs/ensure_symlink.ts": "88dc83de1bc90ed883dd458c2d2eae3d5834a4617d12925734836e1f0803b274",
    "https://deno.land/std@0.133.0/fs/eol.ts": "b92f0b88036de507e7e6fbedbe8f666835ea9dcbf5ac85917fa1fadc919f83a5",
    "https://deno.land/std@0.133.0/fs/exists.ts": "cb734d872f8554ea40b8bff77ad33d4143c1187eac621a55bf37781a43c56f6d",
    "https://deno.land/std@0.133.0/fs/expand_glob.ts": "0c10130d67c9b02164b03df8e43c6d6defbf8e395cb69d09e84a8586e6d72ac3",
    "https://deno.land/std@0.133.0/fs/mod.ts": "4dc052c461c171abb5c25f6e0f218ab838a716230930b534ba351745864b7d6d",
    "https://deno.land/std@0.133.0/fs/move.ts": "0573cedcf583f09a9494f2dfccbf67de68a93629942d6b5e6e74a9e45d4e8a2e",
    "https://deno.land/std@0.133.0/fs/walk.ts": "117403ccd21fd322febe56ba06053b1ad5064c802170f19b1ea43214088fe95f",
    "https://deno.land/std@0.133.0/path/_constants.ts": "df1db3ffa6dd6d1252cc9617e5d72165cd2483df90e93833e13580687b6083c3",
    "https://deno.land/std@0.133.0/path/_interface.ts": "ee3b431a336b80cf445441109d089b70d87d5e248f4f90ff906820889ecf8d09",
    "https://deno.land/std@0.133.0/path/_util.ts": "c1e9686d0164e29f7d880b2158971d805b6e0efc3110d0b3e24e4b8af2190d2b",
    "https://deno.land/std@0.133.0/path/common.ts": "bee563630abd2d97f99d83c96c2fa0cca7cee103e8cb4e7699ec4d5db7bd2633",
    "https://deno.land/std@0.133.0/path/glob.ts": "cb5255638de1048973c3e69e420c77dc04f75755524cb3b2e160fe9277d939ee",
    "https://deno.land/std@0.133.0/path/mod.ts": "4275129bb766f0e475ecc5246aa35689eeade419d72a48355203f31802640be7",
    "https://deno.land/std@0.133.0/path/posix.ts": "663e4a6fe30a145f56aa41a22d95114c4c5582d8b57d2d7c9ed27ad2c47636bb",
    "https://deno.land/std@0.133.0/path/separator.ts": "fe1816cb765a8068afb3e8f13ad272351c85cbc739af56dacfc7d93d710fe0f9",
    "https://deno.land/std@0.133.0/path/win32.ts": "e7bdf63e8d9982b4d8a01ef5689425c93310ece950e517476e22af10f41a136e",
    "https://deno.land/std@0.140.0/_util/assert.ts": "e94f2eb37cebd7f199952e242c77654e43333c1ac4c5c700e929ea3aa5489f74",
    "https://deno.land/std@0.140.0/_util/os.ts": "3b4c6e27febd119d36a416d7a97bd3b0251b77c88942c8f16ee5953ea13e2e49",
    "https://deno.land/std@0.140.0/path/_constants.ts": "df1db3ffa6dd6d1252cc9617e5d72165cd2483df90e93833e13580687b6083c3",
    "https://deno.land/std@0.140.0/path/_interface.ts": "ee3b431a336b80cf445441109d089b70d87d5e248f4f90ff906820889ecf8d09",
    "https://deno.land/std@0.140.0/path/_util.ts": "c1e9686d0164e29f7d880b2158971d805b6e0efc3110d0b3e24e4b8af2190d2b",
    "https://deno.land/std@0.140.0/path/common.ts": "bee563630abd2d97f99d83c96c2fa0cca7cee103e8cb4e7699ec4d5db7bd2633",
    "https://deno.land/std@0.140.0/path/glob.ts": "cb5255638de1048973c3e69e420c77dc04f75755524cb3b2e160fe9277d939ee",
    "https://deno.land/std@0.140.0/path/mod.ts": "d3e68d0abb393fb0bf94a6d07c46ec31dc755b544b13144dee931d8d5f06a52d",
    "https://deno.land/std@0.140.0/path/posix.ts": "293cdaec3ecccec0a9cc2b534302dfe308adb6f10861fa183275d6695faace44",
    "https://deno.land/std@0.140.0/path/separator.ts": "fe1816cb765a8068afb3e8f13ad272351c85cbc739af56dacfc7d93d710fe0f9",
    "https://deno.land/std@0.140.0/path/win32.ts": "31811536855e19ba37a999cd8d1b62078235548d67902ece4aa6b814596dd757",
    "https://deno.land/std@0.149.0/_util/assert.ts": "e94f2eb37cebd7f199952e242c77654e43333c1ac4c5c700e929ea3aa5489f74",
    "https://deno.land/std@0.149.0/_util/os.ts": "3b4c6e27febd119d36a416d7a97bd3b0251b77c88942c8f16ee5953ea13e2e49",
    "https://deno.land/std@0.149.0/path/_constants.ts": "df1db3ffa6dd6d1252cc9617e5d72165cd2483df90e93833e13580687b6083c3",
    "https://deno.land/std@0.149.0/path/_interface.ts": "ee3b431a336b80cf445441109d089b70d87d5e248f4f90ff906820889ecf8d09",
    "https://deno.land/std@0.149.0/path/_util.ts": "c1e9686d0164e29f7d880b2158971d805b6e0efc3110d0b3e24e4b8af2190d2b",
    "https://deno.land/std@0.149.0/path/common.ts": "bee563630abd2d97f99d83c96c2fa0cca7cee103e8cb4e7699ec4d5db7bd2633",
    "https://deno.land/std@0.149.0/path/glob.ts": "cb5255638de1048973c3e69e420c77dc04f75755524cb3b2e160fe9277d939ee",
    "https://deno.land/std@0.149.0/path/mod.ts": "4945b430b759b0b3d98f2a278542cbcf95e0ad2bd8eaaed3c67322b306b2b346",
    "https://deno.land/std@0.149.0/path/posix.ts": "c1f7afe274290ea0b51da07ee205653b2964bd74909a82deb07b69a6cc383aaa",
    "https://deno.land/std@0.149.0/path/separator.ts": "fe1816cb765a8068afb3e8f13ad272351c85cbc739af56dacfc7d93d710fe0f9",
    "https://deno.land/std@0.149.0/path/win32.ts": "bd7549042e37879c68ff2f8576a25950abbfca1d696d41d82c7bca0b7e6f452c",
    "https://deno.land/std@0.187.0/_util/asserts.ts": "178dfc49a464aee693a7e285567b3d0b555dc805ff490505a8aae34f9cfb1462",
    "https://deno.land/std@0.187.0/_util/os.ts": "d932f56d41e4f6a6093d56044e29ce637f8dcc43c5a90af43504a889cf1775e3",
    "https://deno.land/std@0.187.0/fs/_util.ts": "579038bebc3bd35c43a6a7766f7d91fbacdf44bc03468e9d3134297bb99ed4f9",
    "https://deno.land/std@0.187.0/fs/copy.ts": "14214efd94fc3aa6db1e4af2b4b9578e50f7362b7f3725d5a14ad259a5df26c8",
    "https://deno.land/std@0.187.0/fs/empty_dir.ts": "c3d2da4c7352fab1cf144a1ecfef58090769e8af633678e0f3fabaef98594688",
    "https://deno.land/std@0.187.0/fs/ensure_dir.ts": "dc64c4c75c64721d4e3fb681f1382f803ff3d2868f08563ff923fdd20d071c40",
    "https://deno.land/std@0.187.0/fs/ensure_file.ts": "c38602670bfaf259d86ca824a94e6cb9e5eb73757fefa4ebf43a90dd017d53d9",
    "https://deno.land/std@0.187.0/fs/ensure_link.ts": "c0f5b2f0ec094ed52b9128eccb1ee23362a617457aa0f699b145d4883f5b2fb4",
    "https://deno.land/std@0.187.0/fs/ensure_symlink.ts": "5006ab2f458159c56d689b53b1e48d57e05eeb1eaf64e677f7f76a30bc4fdba1",
    "https://deno.land/std@0.187.0/fs/eol.ts": "f1f2eb348a750c34500741987b21d65607f352cf7205f48f4319d417fff42842",
    "https://deno.land/std@0.187.0/fs/exists.ts": "29c26bca8584a22876be7cb8844f1b6c8fc35e9af514576b78f5c6884d7ed02d",
    "https://deno.land/std@0.187.0/fs/expand_glob.ts": "e4f56259a0a70fe23f05215b00de3ac5e6ba46646ab2a06ebbe9b010f81c972a",
    "https://deno.land/std@0.187.0/fs/mod.ts": "bc3d0acd488cc7b42627044caf47d72019846d459279544e1934418955ba4898",
    "https://deno.land/std@0.187.0/fs/move.ts": "b4f8f46730b40c32ea3c0bc8eb0fd0e8139249a698883c7b3756424cf19785c9",
    "https://deno.land/std@0.187.0/fs/walk.ts": "920be35a7376db6c0b5b1caf1486fb962925e38c9825f90367f8f26b5e5d0897",
    "https://deno.land/std@0.187.0/path/_constants.ts": "e49961f6f4f48039c0dfed3c3f93e963ca3d92791c9d478ac5b43183413136e0",
    "https://deno.land/std@0.187.0/path/_interface.ts": "6471159dfbbc357e03882c2266d21ef9afdb1e4aa771b0545e90db58a0ba314b",
    "https://deno.land/std@0.187.0/path/_util.ts": "d7abb1e0dea065f427b89156e28cdeb32b045870acdf865833ba808a73b576d0",
    "https://deno.land/std@0.187.0/path/common.ts": "ee7505ab01fd22de3963b64e46cff31f40de34f9f8de1fff6a1bd2fe79380000",
    "https://deno.land/std@0.187.0/path/glob.ts": "d479e0a695621c94d3fd7fe7abd4f9499caf32a8de13f25073451c6ef420a4e1",
    "https://deno.land/std@0.187.0/path/mod.ts": "ee161baec5ded6510ee1d1fb6a75a0f5e4b41f3f3301c92c716ecbdf7dae910d",
    "https://deno.land/std@0.187.0/path/posix.ts": "8b7c67ac338714b30c816079303d0285dd24af6b284f7ad63da5b27372a2c94d",
    "https://deno.land/std@0.187.0/path/separator.ts": "0fb679739d0d1d7bf45b68dacfb4ec7563597a902edbaf3c59b50d5bcadd93b1",
    "https://deno.land/std@0.187.0/path/win32.ts": "d186344e5583bcbf8b18af416d13d82b35a317116e6460a5a3953508c3de5bba",
    "https://deno.land/std@0.187.0/semver/mod.ts": "200f50cf6872212667df532fb09f0b1a33d3427a5201f75fad30a0d0c6dbcce3",
    "https://deno.land/std@0.189.0/fmt/colors.ts": "d67e3cd9f472535241a8e410d33423980bec45047e343577554d3356e1f0ef4e",
    "https://deno.land/std@0.189.0/testing/_diff.ts": "1a3c044aedf77647d6cac86b798c6417603361b66b54c53331b312caeb447aea",
    "https://deno.land/std@0.189.0/testing/_format.ts": "a69126e8a469009adf4cf2a50af889aca364c349797e63174884a52ff75cf4c7",
    "https://deno.land/std@0.189.0/testing/asserts.ts": "e16d98b4d73ffc4ed498d717307a12500ae4f2cbe668f1a215632d19fcffc22f",
    "https://deno.land/std@0.192.0/_util/asserts.ts": "178dfc49a464aee693a7e285567b3d0b555dc805ff490505a8aae34f9cfb1462",
    "https://deno.land/std@0.192.0/_util/os.ts": "d932f56d41e4f6a6093d56044e29ce637f8dcc43c5a90af43504a889cf1775e3",
    "https://deno.land/std@0.192.0/fmt/colors.ts": "d67e3cd9f472535241a8e410d33423980bec45047e343577554d3356e1f0ef4e",
    "https://deno.land/std@0.192.0/fs/exists.ts": "29c26bca8584a22876be7cb8844f1b6c8fc35e9af514576b78f5c6884d7ed02d",
    "https://deno.land/std@0.192.0/path/_constants.ts": "e49961f6f4f48039c0dfed3c3f93e963ca3d92791c9d478ac5b43183413136e0",
    "https://deno.land/std@0.192.0/path/_interface.ts": "6471159dfbbc357e03882c2266d21ef9afdb1e4aa771b0545e90db58a0ba314b",
    "https://deno.land/std@0.192.0/path/_util.ts": "d7abb1e0dea065f427b89156e28cdeb32b045870acdf865833ba808a73b576d0",
    "https://deno.land/std@0.192.0/path/common.ts": "ee7505ab01fd22de3963b64e46cff31f40de34f9f8de1fff6a1bd2fe79380000",
    "https://deno.land/std@0.192.0/path/glob.ts": "d479e0a695621c94d3fd7fe7abd4f9499caf32a8de13f25073451c6ef420a4e1",
    "https://deno.land/std@0.192.0/path/mod.ts": "f065032a7189404fdac3ad1a1551a9ac84751d2f25c431e101787846c86c79ef",
    "https://deno.land/std@0.192.0/path/posix.ts": "8b7c67ac338714b30c816079303d0285dd24af6b284f7ad63da5b27372a2c94d",
    "https://deno.land/std@0.192.0/path/separator.ts": "0fb679739d0d1d7bf45b68dacfb4ec7563597a902edbaf3c59b50d5bcadd93b1",
    "https://deno.land/std@0.192.0/path/win32.ts": "d186344e5583bcbf8b18af416d13d82b35a317116e6460a5a3953508c3de5bba",
    "https://deno.land/x/adb_deno@0.1.4/commands.ts": "d193b0558011fa094e36d51c6a6e46b46a2dbfc5f4e01fee19dcbce49143c390",
    "https://deno.land/x/adb_deno@0.1.4/deps.ts": "f2a125adbbdce5efe1085ab29d5c2b26bda1eaa06841d58708afbb45cfd2d283",
    "https://deno.land/x/adb_deno@0.1.4/lib.ts": "39ceede5b70474b640dec71982fc7604730a25bbcd9dbc10ab45bf33c85cdc6e",
    "https://deno.land/x/adb_deno@0.1.4/setup.ts": "9d26a721ab2db6326162242e020869cc606938277f4c1ec8f633714a57c4ee58",
    "https://deno.land/x/adb_deno@0.1.4/utils.ts": "a44fe1342b73bb15a46a18c0d35989849f105bec0fa7f9c07d758c268c94eeea",
    "https://deno.land/x/lz4@v0.1.2/mod.ts": "4decfc1a3569d03fd1813bd39128b71c8f082850fe98ecfdde20025772916582",
    "https://deno.land/x/lz4@v0.1.2/wasm.js": "b9c65605327ba273f0c76a6dc596ec534d4cda0f0225d7a94ebc606782319e46",
    "https://deno.land/x/pngs@0.1.1/mod.ts": "9dc8a7daed1497b94a77b68c954164a9f0b2a6f40866481bdfdbbaf015b5f764",
    "https://deno.land/x/pngs@0.1.1/wasm.js": "e3d4a8f293b267c9859a2164ca7b4603869bc92fe0d5ad4f109925858bce0c4c",
    "https://deno.land/x/zip@v1.2.3/compress.ts": "4f4ba9872f80fd86887b09e0782b9f06b827c4f4b68f2bf3a180eb97e1dde4e7",
    "https://deno.land/x/zip@v1.2.3/decompress.ts": "0bce3d453726f686274fab3f6c19b72b5e74223a00d89c176b1de49a5dd5528d",
    "https://deno.land/x/zip@v1.2.3/deps.ts": "79548387594b3ae1efaaa870b5a507c4d6bedede13dbd5d4ad42f6cda0aeef86",
    "https://deno.land/x/zip@v1.2.3/mod.ts": "28eecbc3e1e5adf564f4aa465e64268713a05653104bacdcb04561533f8caf57",
    "https://deno.land/x/zip@v1.2.3/utils.ts": "43c323f2b79f9db1976c5739bbb1f9cced20e8077ca7e7e703f9d01d4330bd9d",
    "https://deno.land/x/zip@v1.2.5/compress.ts": "43d9f4440960d15a85aec58f5d365acc25530d3d4186b2f5f896c090ecac20e8",
    "https://deno.land/x/zip@v1.2.5/decompress.ts": "0bce3d453726f686274fab3f6c19b72b5e74223a00d89c176b1de49a5dd5528d",
    "https://deno.land/x/zip@v1.2.5/deps.ts": "79548387594b3ae1efaaa870b5a507c4d6bedede13dbd5d4ad42f6cda0aeef86",
    "https://deno.land/x/zip@v1.2.5/mod.ts": "28eecbc3e1e5adf564f4aa465e64268713a05653104bacdcb04561533f8caf57",
    "https://deno.land/x/zip@v1.2.5/utils.ts": "43c323f2b79f9db1976c5739bbb1f9cced20e8077ca7e7e703f9d01d4330bd9d",
    "https://raw.githubusercontent.com/Fernthedev/BeatSaber-Deno/593c942ee8f5eac21b8fa1fc70e03a0d2ea07036/beatmap/shared/bpm.ts": "7362795ce99eec18b471dd6e16f670ef4a95ab16bd907dabc1b70d074f29892e",
    "https://raw.githubusercontent.com/Fernthedev/BeatSaber-Deno/593c942ee8f5eac21b8fa1fc70e03a0d2ea07036/deps.ts": "089cf6151d5133e8de619d4aac9eb82df0b626ebe37b5f218da9b50f82325cf8",
    "https://raw.githubusercontent.com/Fernthedev/BeatSaber-Deno/593c942ee8f5eac21b8fa1fc70e03a0d2ea07036/logger.ts": "7ddaf1b1cb207b173bc112b2b18e4ba98e9c651c64ce9d31f5a553103cfd017c",
    "https://raw.githubusercontent.com/Fernthedev/BeatSaber-Deno/593c942ee8f5eac21b8fa1fc70e03a0d2ea07036/types/beatmap/external/bpmInfo.ts": "74c9f0e83798b485b8bd0b9d2da09a68d3fe38a6a658f8b12efd4cd92bc50167",
    "https://raw.githubusercontent.com/Fernthedev/BeatSaber-Deno/593c942ee8f5eac21b8fa1fc70e03a0d2ea07036/types/beatmap/external/chroma.ts": "b856bbecd4242b32234c6bfe15756926713f086dea5a0fceb27c3c059fbe7c5f",
    "https://raw.githubusercontent.com/Fernthedev/BeatSaber-Deno/593c942ee8f5eac21b8fa1fc70e03a0d2ea07036/types/beatmap/external/cinema.ts": "fcbfffc1f801e2f8a207c146eb89c0ecadb924c60a5f3818a5543c0a6a33664d",
    "https://raw.githubusercontent.com/Fernthedev/BeatSaber-Deno/593c942ee8f5eac21b8fa1fc70e03a0d2ea07036/types/beatmap/external/mod.ts": "4b736dacbc6199d8131e0c3be2a924ba58742d69388b327e9d6f55aa76341d2a",
    "https://raw.githubusercontent.com/Fernthedev/BeatSaber-Deno/593c942ee8f5eac21b8fa1fc70e03a0d2ea07036/types/beatmap/mod.ts": "f68d9d6585a001e4bc55dab4ea2c7fbece419bdc04dd566e237c00a36351b269",
    "https://raw.githubusercontent.com/Fernthedev/BeatSaber-Deno/593c942ee8f5eac21b8fa1fc70e03a0d2ea07036/types/beatmap/shared/characteristic.ts": "9b872ec5598299000e0be03c7262a0d176de501601e2996c6d9544528ad6ed11",
    "https://raw.githubusercontent.com/Fernthedev/BeatSaber-Deno/593c942ee8f5eac21b8fa1fc70e03a0d2ea07036/types/beatmap/shared/colorScheme.ts": "d47c017ca984cd22c060951058bbdafebc33abdd0cafc11e1ba63de1fd7da8f7",
    "https://raw.githubusercontent.com/Fernthedev/BeatSaber-Deno/593c942ee8f5eac21b8fa1fc70e03a0d2ea07036/types/beatmap/shared/custom/bpm.ts": "863afa9d09568a2142d3ed0256d8bcbd42e8269668a596fd7eeee3e68fde6010",
    "https://raw.githubusercontent.com/Fernthedev/BeatSaber-Deno/593c942ee8f5eac21b8fa1fc70e03a0d2ea07036/types/beatmap/shared/custom/chroma.ts": "8746e9909496ad1ea6f1ddf18a0469b5264fd5e56b76cbf5ade44608d9863662",
    "https://raw.githubusercontent.com/Fernthedev/BeatSaber-Deno/593c942ee8f5eac21b8fa1fc70e03a0d2ea07036/types/beatmap/shared/custom/contributor.ts": "9214f1afd971c05a960885d81ed765628efe7a223d263bbf14af3fbaa65a3bb1",
    "https://raw.githubusercontent.com/Fernthedev/BeatSaber-Deno/593c942ee8f5eac21b8fa1fc70e03a0d2ea07036/types/beatmap/shared/custom/customData.ts": "852bfb94e9049e8c8e5cd8d23334813a190fbea31da3f9a003de452e04c2631c",
    "https://raw.githubusercontent.com/Fernthedev/BeatSaber-Deno/593c942ee8f5eac21b8fa1fc70e03a0d2ea07036/types/beatmap/shared/custom/editor.ts": "972a456a516b79e8a42b9b77394fadaa94f6bd5b218ef7fedcf3d8f29a8a8c4b",
    "https://raw.githubusercontent.com/Fernthedev/BeatSaber-Deno/593c942ee8f5eac21b8fa1fc70e03a0d2ea07036/types/beatmap/shared/custom/heck.ts": "13b7b7d5c995231b75868b40b2146596658d8a810667b1a76ae14f03d4095280",
    "https://raw.githubusercontent.com/Fernthedev/BeatSaber-Deno/593c942ee8f5eac21b8fa1fc70e03a0d2ea07036/types/beatmap/shared/custom/mod.ts": "4e4924225a309ef258320179ec5500f1e655cc3c68204801cbb277e766decf30",
    "https://raw.githubusercontent.com/Fernthedev/BeatSaber-Deno/593c942ee8f5eac21b8fa1fc70e03a0d2ea07036/types/beatmap/shared/custom/noodleExtensions.ts": "5dfa3d786feb697f76a5fd5c8f3d401ad9327d0d58f12cdc8c750dcdd29ff6ae",
    "https://raw.githubusercontent.com/Fernthedev/BeatSaber-Deno/593c942ee8f5eac21b8fa1fc70e03a0d2ea07036/types/beatmap/shared/dataCheck.ts": "f33190f43c509559919bd2c38b969764426ef3dd6b9d49a121e4de6ed7f3a1a5",
    "https://raw.githubusercontent.com/Fernthedev/BeatSaber-Deno/593c942ee8f5eac21b8fa1fc70e03a0d2ea07036/types/beatmap/shared/difficulty.ts": "802e07a7de8ff1f3a675d4311f3e773f889ab112b649311cb6200bcfb8126fd1",
    "https://raw.githubusercontent.com/Fernthedev/BeatSaber-Deno/593c942ee8f5eac21b8fa1fc70e03a0d2ea07036/types/beatmap/shared/environment.ts": "a1574c5b32fb238dc12a952c0f1988b0e8e894db2254f5690f0bf79196f3a5c0",
    "https://raw.githubusercontent.com/Fernthedev/BeatSaber-Deno/593c942ee8f5eac21b8fa1fc70e03a0d2ea07036/types/beatmap/shared/filename.ts": "58bab5214f962f514937c7da2b3b1a62212d4efc38a0c0da6cd27b118515e738",
    "https://raw.githubusercontent.com/Fernthedev/BeatSaber-Deno/593c942ee8f5eac21b8fa1fc70e03a0d2ea07036/types/beatmap/shared/mod.ts": "ef9b77c656d4b1f8841cbbc0acb1409e195afd7f2ddb31bcd8f7998b85db74f0",
    "https://raw.githubusercontent.com/Fernthedev/BeatSaber-Deno/593c942ee8f5eac21b8fa1fc70e03a0d2ea07036/types/beatmap/shared/modCheck.ts": "943ea3bfccc666da20e97bd0f932ff87bbfe0bea083594c14d2d5084863c0578",
    "https://raw.githubusercontent.com/Fernthedev/BeatSaber-Deno/593c942ee8f5eac21b8fa1fc70e03a0d2ea07036/types/beatmap/shared/serializable.ts": "d22b08a4f5bc5695872eb6ce8719124bdb03f2a59bcf0e233d37c41915e03bd7",
    "https://raw.githubusercontent.com/Fernthedev/BeatSaber-Deno/593c942ee8f5eac21b8fa1fc70e03a0d2ea07036/types/beatmap/shared/version.ts": "61905ec610119abfca4254838ee454f6913048f642993ba4b20e54080b1b798f",
    "https://raw.githubusercontent.com/Fernthedev/BeatSaber-Deno/593c942ee8f5eac21b8fa1fc70e03a0d2ea07036/types/beatmap/v1/custom/difficulty.ts": "ee71de1b57398b8dafb478aca0159e03ee8fb85ca48cebd544ea66bd3e9359c3",
    "https://raw.githubusercontent.com/Fernthedev/BeatSaber-Deno/593c942ee8f5eac21b8fa1fc70e03a0d2ea07036/types/beatmap/v1/custom/info.ts": "5edd6ebbef8b1cba9dfe449b2eb3e841244c84628a11afa0aad14edf27bc68a3",
    "https://raw.githubusercontent.com/Fernthedev/BeatSaber-Deno/593c942ee8f5eac21b8fa1fc70e03a0d2ea07036/types/beatmap/v1/custom/mod.ts": "2803122dab6f68f784693a9f357ff9723daaf34fcf7245d58927c6559b7ed701",
    "https://raw.githubusercontent.com/Fernthedev/BeatSaber-Deno/593c942ee8f5eac21b8fa1fc70e03a0d2ea07036/types/beatmap/v1/difficulty.ts": "bec8c35a21cb38b9269b37f57921e12896701d84d1297830321f80392bc915fe",
    "https://raw.githubusercontent.com/Fernthedev/BeatSaber-Deno/593c942ee8f5eac21b8fa1fc70e03a0d2ea07036/types/beatmap/v1/event.ts": "25865a31af2cb46580cec6e716a8f16409e076edb50e855a020a1bdef49143f6",
    "https://raw.githubusercontent.com/Fernthedev/BeatSaber-Deno/593c942ee8f5eac21b8fa1fc70e03a0d2ea07036/types/beatmap/v1/info.ts": "c0b7139564129c366b5ac7d1d091ef0b0fa41e218374e3c6fd08e25c284d1372",
    "https://raw.githubusercontent.com/Fernthedev/BeatSaber-Deno/593c942ee8f5eac21b8fa1fc70e03a0d2ea07036/types/beatmap/v1/mod.ts": "f6c735f542b14acbee467a6e49320140636fbfe59be3d9b58f352458e574c509",
    "https://raw.githubusercontent.com/Fernthedev/BeatSaber-Deno/593c942ee8f5eac21b8fa1fc70e03a0d2ea07036/types/beatmap/v1/note.ts": "1bf58727c0706c8b031a1da5a6dd09cf6ac4f8d90dcd0bf0cb20e683e8f49b1f",
    "https://raw.githubusercontent.com/Fernthedev/BeatSaber-Deno/593c942ee8f5eac21b8fa1fc70e03a0d2ea07036/types/beatmap/v1/object.ts": "7713850ad54e2d6909c7ba0611e92d8c735617c2c1268e800f5ccdd2242555bd",
    "https://raw.githubusercontent.com/Fernthedev/BeatSaber-Deno/593c942ee8f5eac21b8fa1fc70e03a0d2ea07036/types/beatmap/v1/obstacle.ts": "9e2af2327645a0e15d276c3333b739ce6e17d7e27129eb584eb5dbded49756d4",
    "https://raw.githubusercontent.com/Fernthedev/BeatSaber-Deno/593c942ee8f5eac21b8fa1fc70e03a0d2ea07036/types/beatmap/v2/arc.ts": "16619f9334fd296d9de7e12df8300c80bcb55f6307a6dc27c0b3dd3f0d058d6c",
    "https://raw.githubusercontent.com/Fernthedev/BeatSaber-Deno/593c942ee8f5eac21b8fa1fc70e03a0d2ea07036/types/beatmap/v2/custom/animation.ts": "e40a9f0ab778d7eb2ef3d78434aec15a4ba06dd1fb5f230b252d077275604a16",
    "https://raw.githubusercontent.com/Fernthedev/BeatSaber-Deno/593c942ee8f5eac21b8fa1fc70e03a0d2ea07036/types/beatmap/v2/custom/bookmark.ts": "11fc5e7c59d1f62f065b1b05ed06e5c8187f596e8b5dc42d8fa0ef34a57c183f",
    "https://raw.githubusercontent.com/Fernthedev/BeatSaber-Deno/593c942ee8f5eac21b8fa1fc70e03a0d2ea07036/types/beatmap/v2/custom/bpmChange.ts": "1890902c01578654ba55830ba15c1ec386bfc11304348254622713a2d62ae324",
    "https://raw.githubusercontent.com/Fernthedev/BeatSaber-Deno/593c942ee8f5eac21b8fa1fc70e03a0d2ea07036/types/beatmap/v2/custom/chroma.ts": "804eff1fbcd3eb427a3805843632fbd15c25efc16638bd5771f4929cbcd891be",
    "https://raw.githubusercontent.com/Fernthedev/BeatSaber-Deno/593c942ee8f5eac21b8fa1fc70e03a0d2ea07036/types/beatmap/v2/custom/customEvent.ts": "091bb0721a767b788c7631c9cbb4dd6b413d5923dc242374374f50886274841c",
    "https://raw.githubusercontent.com/Fernthedev/BeatSaber-Deno/593c942ee8f5eac21b8fa1fc70e03a0d2ea07036/types/beatmap/v2/custom/difficulty.ts": "f77cd673d45b0640b2b557f0a097c63b2d5029465ac03da6df1654caa5c84130",
    "https://raw.githubusercontent.com/Fernthedev/BeatSaber-Deno/593c942ee8f5eac21b8fa1fc70e03a0d2ea07036/types/beatmap/v2/custom/heck.ts": "e3ff46bc3a25190ecc5b4f60844e2422051ea2733ef93d0bbd7c1e5c73e97705",
    "https://raw.githubusercontent.com/Fernthedev/BeatSaber-Deno/593c942ee8f5eac21b8fa1fc70e03a0d2ea07036/types/beatmap/v2/custom/mod.ts": "49bc907d31b0fff85b196345d4fb1e7b263e3967e7f9a4848204e447eb8dc72d",
    "https://raw.githubusercontent.com/Fernthedev/BeatSaber-Deno/593c942ee8f5eac21b8fa1fc70e03a0d2ea07036/types/beatmap/v2/custom/noodleExtensions.ts": "97641cf05cf772d9287d547e8b8ae55fee54d5bedee65104b523c98e1e607efc",
    "https://raw.githubusercontent.com/Fernthedev/BeatSaber-Deno/593c942ee8f5eac21b8fa1fc70e03a0d2ea07036/types/beatmap/v2/custom/note.ts": "cac23768f2fbf09825e62450e679a39eadea289eba44c64df64f8a42a82f1807",
    "https://raw.githubusercontent.com/Fernthedev/BeatSaber-Deno/593c942ee8f5eac21b8fa1fc70e03a0d2ea07036/types/beatmap/v2/custom/obstacle.ts": "5f52a312755f7e6f58e0d4d70b90397221e39981d8a68f0f4b607a84ae0cd190",
    "https://raw.githubusercontent.com/Fernthedev/BeatSaber-Deno/593c942ee8f5eac21b8fa1fc70e03a0d2ea07036/types/beatmap/v2/custom/pointDefinition.ts": "8da50817c6dca4cfed0e365b971316b41a381a40519a86b8eefade33341d6336",
    "https://raw.githubusercontent.com/Fernthedev/BeatSaber-Deno/593c942ee8f5eac21b8fa1fc70e03a0d2ea07036/types/beatmap/v2/difficulty.ts": "033d6ae908c485acbf66fa6a1c5bf9e07c18237e63b583fd578cadce0d1dbdfe",
    "https://raw.githubusercontent.com/Fernthedev/BeatSaber-Deno/593c942ee8f5eac21b8fa1fc70e03a0d2ea07036/types/beatmap/v2/event.ts": "e6bb87cdd9e03d39dd683f5a4742482d6943b0093513e8060bcdee5857f3dac1",
    "https://raw.githubusercontent.com/Fernthedev/BeatSaber-Deno/593c942ee8f5eac21b8fa1fc70e03a0d2ea07036/types/beatmap/v2/info.ts": "8fef02d217462f7c98d761ef7e85bd1370d67dbb778e128294e2cf21a9e8dac7",
    "https://raw.githubusercontent.com/Fernthedev/BeatSaber-Deno/593c942ee8f5eac21b8fa1fc70e03a0d2ea07036/types/beatmap/v2/mod.ts": "5ea6ff0ca39c681f39959a841f87c6ba0f21fb49477d79e401f08122bf7277a5",
    "https://raw.githubusercontent.com/Fernthedev/BeatSaber-Deno/593c942ee8f5eac21b8fa1fc70e03a0d2ea07036/types/beatmap/v2/note.ts": "d542ef66eb2ca2136c870aae8b652a89181542b781f8c4e503127024723378b2",
    "https://raw.githubusercontent.com/Fernthedev/BeatSaber-Deno/593c942ee8f5eac21b8fa1fc70e03a0d2ea07036/types/beatmap/v2/object.ts": "3cf3f58bfdddc53b321513e7a987c6c620977409af7703e171ecb393fcc17b8d",
    "https://raw.githubusercontent.com/Fernthedev/BeatSaber-Deno/593c942ee8f5eac21b8fa1fc70e03a0d2ea07036/types/beatmap/v2/obstacle.ts": "002aa997acf5793d3b7c1ef2cdedad5073c8e6d39e0f324946294d88ce0a2f92",
    "https://raw.githubusercontent.com/Fernthedev/BeatSaber-Deno/593c942ee8f5eac21b8fa1fc70e03a0d2ea07036/types/beatmap/v2/specialEventsKeywordFilters.ts": "564d5b6981029681ed6ff5a495858f7a666357bc2eda7234fb22ca00a640a653",
    "https://raw.githubusercontent.com/Fernthedev/BeatSaber-Deno/593c942ee8f5eac21b8fa1fc70e03a0d2ea07036/types/beatmap/v2/specialEventsKeywordFiltersKeywords.ts": "09921a64d73ab34357e659459e7570c5a8b71f99623dad19dd68240b98511f71",
    "https://raw.githubusercontent.com/Fernthedev/BeatSaber-Deno/593c942ee8f5eac21b8fa1fc70e03a0d2ea07036/types/beatmap/v2/waypoint.ts": "0869e5e73d09f8d8e03490cbdacc2cf6da871afe0700c9cea457a06c701b6e2a",
    "https://raw.githubusercontent.com/Fernthedev/BeatSaber-Deno/593c942ee8f5eac21b8fa1fc70e03a0d2ea07036/types/beatmap/v3/arc.ts": "0fe6e0cc45e4a6b4ad29026329d83863482f6b9551ce5f619a82c17c9ce464a1",
    "https://raw.githubusercontent.com/Fernthedev/BeatSaber-Deno/593c942ee8f5eac21b8fa1fc70e03a0d2ea07036/types/beatmap/v3/baseItem.ts": "16617bb733c29a197dce470508160bee5adb489e9501429f1fc2f2ce9204dd74",
    "https://raw.githubusercontent.com/Fernthedev/BeatSaber-Deno/593c942ee8f5eac21b8fa1fc70e03a0d2ea07036/types/beatmap/v3/baseObject.ts": "55eed3cd8d283b449ed3e222b7b8ba06b7f27d33dce33208ff29f5bc77def0e5",
    "https://raw.githubusercontent.com/Fernthedev/BeatSaber-Deno/593c942ee8f5eac21b8fa1fc70e03a0d2ea07036/types/beatmap/v3/baseSlider.ts": "2584c29c9dff4bce35872a24277e7388c5deb936a207de8c04ac30556a1bb83b",
    "https://raw.githubusercontent.com/Fernthedev/BeatSaber-Deno/593c942ee8f5eac21b8fa1fc70e03a0d2ea07036/types/beatmap/v3/basicEvent.ts": "0193180fe9b1df2c1c7795bce68c1af8c72add265f14bdd432ecf0cab6662270",
    "https://raw.githubusercontent.com/Fernthedev/BeatSaber-Deno/593c942ee8f5eac21b8fa1fc70e03a0d2ea07036/types/beatmap/v3/basicEventTypesForKeywords.ts": "28bbfd5c601cfe2345cd6120f487c27acdf34bb2eaedce705e4a8c6eb9c324da",
    "https://raw.githubusercontent.com/Fernthedev/BeatSaber-Deno/593c942ee8f5eac21b8fa1fc70e03a0d2ea07036/types/beatmap/v3/basicEventTypesWithKeywords.ts": "f486605f49009af8e6700e31a032e80c389277f98a6a3bd396754fdb03ef12a8",
    "https://raw.githubusercontent.com/Fernthedev/BeatSaber-Deno/593c942ee8f5eac21b8fa1fc70e03a0d2ea07036/types/beatmap/v3/bombNote.ts": "0255682b288598ee82e38ad6d3017cabcda0051b314915e92fb1747444623ab5",
    "https://raw.githubusercontent.com/Fernthedev/BeatSaber-Deno/593c942ee8f5eac21b8fa1fc70e03a0d2ea07036/types/beatmap/v3/bpmEvent.ts": "ec5a8eeb2279c775d50a5c0fcac840e966ec09b839ddda23159b11b8296fc984",
    "https://raw.githubusercontent.com/Fernthedev/BeatSaber-Deno/593c942ee8f5eac21b8fa1fc70e03a0d2ea07036/types/beatmap/v3/chain.ts": "4122417cc20ad04114ff316f40d01f63a19517e854dfd0cd1cdfbe76f857b7f4",
    "https://raw.githubusercontent.com/Fernthedev/BeatSaber-Deno/593c942ee8f5eac21b8fa1fc70e03a0d2ea07036/types/beatmap/v3/colorBoostEvent.ts": "4699b7e894b8ab1b7294ba3820978f17c1e86ff4023643bcc935edd696e9fa47",
    "https://raw.githubusercontent.com/Fernthedev/BeatSaber-Deno/593c942ee8f5eac21b8fa1fc70e03a0d2ea07036/types/beatmap/v3/colorNote.ts": "0a4bd6d10a3619619cb5e032fd1a5590d5c99c1090008078e78ebe956bd60eaa",
    "https://raw.githubusercontent.com/Fernthedev/BeatSaber-Deno/593c942ee8f5eac21b8fa1fc70e03a0d2ea07036/types/beatmap/v3/custom/animation.ts": "86b8b9e0040fd94d8bcc221d5e68383be3ae86d55128368d8d1e90db402817bb",
    "https://raw.githubusercontent.com/Fernthedev/BeatSaber-Deno/593c942ee8f5eac21b8fa1fc70e03a0d2ea07036/types/beatmap/v3/custom/bookmark.ts": "9df047f8ec6428845d552f7168ffe113acca30630b7167dc92bf43d975cad1b8",
    "https://raw.githubusercontent.com/Fernthedev/BeatSaber-Deno/593c942ee8f5eac21b8fa1fc70e03a0d2ea07036/types/beatmap/v3/custom/bpmChange.ts": "f545cd1a55b3da385420e028f40d2b03f40be2b61e9cf9df10c3d34d9f83b36a",
    "https://raw.githubusercontent.com/Fernthedev/BeatSaber-Deno/593c942ee8f5eac21b8fa1fc70e03a0d2ea07036/types/beatmap/v3/custom/chroma.ts": "d6d2b75d209d71f571f446554440ac0d466f9ae05c32e85d7be72e9d78373810",
    "https://raw.githubusercontent.com/Fernthedev/BeatSaber-Deno/593c942ee8f5eac21b8fa1fc70e03a0d2ea07036/types/beatmap/v3/custom/customEvent.ts": "c1bee25f744055f05f1e5fca4e2f0eab2731baadc1367ee995ea479716236589",
    "https://raw.githubusercontent.com/Fernthedev/BeatSaber-Deno/593c942ee8f5eac21b8fa1fc70e03a0d2ea07036/types/beatmap/v3/custom/difficulty.ts": "a2620d781aa74cad46efe50ae129abf33f4c4589ff3accd709be518ef75957d3",
    "https://raw.githubusercontent.com/Fernthedev/BeatSaber-Deno/593c942ee8f5eac21b8fa1fc70e03a0d2ea07036/types/beatmap/v3/custom/heck.ts": "5e55679ae57ed90b15e53e50161b9ae093b47fc2c2de9618f01f8c9492800d27",
    "https://raw.githubusercontent.com/Fernthedev/BeatSaber-Deno/593c942ee8f5eac21b8fa1fc70e03a0d2ea07036/types/beatmap/v3/custom/mod.ts": "513557afc22be8573c6a2c88cb83a064d9a3f96d07d7037db709e0880dba8bf5",
    "https://raw.githubusercontent.com/Fernthedev/BeatSaber-Deno/593c942ee8f5eac21b8fa1fc70e03a0d2ea07036/types/beatmap/v3/custom/noodleExtensions.ts": "5d02990b9b99f4cf533072ccf523cc31a5ecc85fbe153b544be75d67b1e5dc23",
    "https://raw.githubusercontent.com/Fernthedev/BeatSaber-Deno/593c942ee8f5eac21b8fa1fc70e03a0d2ea07036/types/beatmap/v3/custom/note.ts": "cac23768f2fbf09825e62450e679a39eadea289eba44c64df64f8a42a82f1807",
    "https://raw.githubusercontent.com/Fernthedev/BeatSaber-Deno/593c942ee8f5eac21b8fa1fc70e03a0d2ea07036/types/beatmap/v3/custom/obstacle.ts": "5f52a312755f7e6f58e0d4d70b90397221e39981d8a68f0f4b607a84ae0cd190",
    "https://raw.githubusercontent.com/Fernthedev/BeatSaber-Deno/593c942ee8f5eac21b8fa1fc70e03a0d2ea07036/types/beatmap/v3/custom/pointDefinition.ts": "43d7ad44d0e9a41859267118a860e5d59aa2b8f013ed875d5b4bf95efd63ae87",
    "https://raw.githubusercontent.com/Fernthedev/BeatSaber-Deno/593c942ee8f5eac21b8fa1fc70e03a0d2ea07036/types/beatmap/v3/custom/slider.ts": "922d7ffcb2179bf5c07550ee201216faf3ce0eb281271a6fa457d345c8982e1f",
    "https://raw.githubusercontent.com/Fernthedev/BeatSaber-Deno/593c942ee8f5eac21b8fa1fc70e03a0d2ea07036/types/beatmap/v3/difficulty.ts": "d44f597fa63c081600a78a89467992ac80e180a1207e8f508bce8d8c6364aec1",
    "https://raw.githubusercontent.com/Fernthedev/BeatSaber-Deno/593c942ee8f5eac21b8fa1fc70e03a0d2ea07036/types/beatmap/v3/eventBox.ts": "972eee4ccac9515ef2b397d38d07d6ca4ea9a47f59120b6c20b4a4a6c2c10b48",
    "https://raw.githubusercontent.com/Fernthedev/BeatSaber-Deno/593c942ee8f5eac21b8fa1fc70e03a0d2ea07036/types/beatmap/v3/eventBoxGroup.ts": "a35011ec34c63dc721df1c37506710c25a304e410b9ec37e7e6bcdb97728281d",
    "https://raw.githubusercontent.com/Fernthedev/BeatSaber-Deno/593c942ee8f5eac21b8fa1fc70e03a0d2ea07036/types/beatmap/v3/gridObject.ts": "f757452f2d0e9e7f3e29b55bfd297db76c7c2c2f510288fdefd0ba232c0e01bf",
    "https://raw.githubusercontent.com/Fernthedev/BeatSaber-Deno/593c942ee8f5eac21b8fa1fc70e03a0d2ea07036/types/beatmap/v3/indexFilter.ts": "84afe47a38f551f2293bd34ca153878e63e0190e68f87aaedfba62861b4ab2bc",
    "https://raw.githubusercontent.com/Fernthedev/BeatSaber-Deno/593c942ee8f5eac21b8fa1fc70e03a0d2ea07036/types/beatmap/v3/lightColorBase.ts": "00db09d632a5454e665dd787e6d47746067db2d20813dbd1546649fa2861d06d",
    "https://raw.githubusercontent.com/Fernthedev/BeatSaber-Deno/593c942ee8f5eac21b8fa1fc70e03a0d2ea07036/types/beatmap/v3/lightColorEventBox.ts": "2c800e5fd60fd02b2e21afc4c2ca595a7e4c50e0a1a17662ea4111d3e3e0e085",
    "https://raw.githubusercontent.com/Fernthedev/BeatSaber-Deno/593c942ee8f5eac21b8fa1fc70e03a0d2ea07036/types/beatmap/v3/lightColorEventBoxGroup.ts": "ab4b9106efdd69c2789c805c104f54f3571758937870105ea06b8f1a76e22a19",
    "https://raw.githubusercontent.com/Fernthedev/BeatSaber-Deno/593c942ee8f5eac21b8fa1fc70e03a0d2ea07036/types/beatmap/v3/lightRotationBase.ts": "604e6bba4c7f51bb5db9d3dd8c88630590409311acbd308b1c3b19f74f339310",
    "https://raw.githubusercontent.com/Fernthedev/BeatSaber-Deno/593c942ee8f5eac21b8fa1fc70e03a0d2ea07036/types/beatmap/v3/lightRotationEventBox.ts": "dfc80071f5e3cb3cc834f6fd43132c7f14be73618ceb42fd6817ccdfb90eec9c",
    "https://raw.githubusercontent.com/Fernthedev/BeatSaber-Deno/593c942ee8f5eac21b8fa1fc70e03a0d2ea07036/types/beatmap/v3/lightRotationEventBoxGroup.ts": "ad47697a4e1815f7fc9978a936b66a3e7ef695eb0cc79f8d2aa7543e571365a2",
    "https://raw.githubusercontent.com/Fernthedev/BeatSaber-Deno/593c942ee8f5eac21b8fa1fc70e03a0d2ea07036/types/beatmap/v3/lightTranslationBase.ts": "a30d5a06e1697398c0521de051eee7a132e6714b96c4751cb46a003959177249",
    "https://raw.githubusercontent.com/Fernthedev/BeatSaber-Deno/593c942ee8f5eac21b8fa1fc70e03a0d2ea07036/types/beatmap/v3/lightTranslationEventBox.ts": "a2d67a8934a4884db882d1bed234a951ab54a7958c5aa9978dd9c94ffe758949",
    "https://raw.githubusercontent.com/Fernthedev/BeatSaber-Deno/593c942ee8f5eac21b8fa1fc70e03a0d2ea07036/types/beatmap/v3/lightTranslationEventBoxGroup.ts": "344df7be98553110ee1cbedb258e6eb9cc16800113a535cf7b1017b6502cce40",
    "https://raw.githubusercontent.com/Fernthedev/BeatSaber-Deno/593c942ee8f5eac21b8fa1fc70e03a0d2ea07036/types/beatmap/v3/mod.ts": "4c65f9ac32241d68450589b8cff5ab83c26c57ac47e860eb0e63f77be9bf391d",
    "https://raw.githubusercontent.com/Fernthedev/BeatSaber-Deno/593c942ee8f5eac21b8fa1fc70e03a0d2ea07036/types/beatmap/v3/obstacle.ts": "f0bf90daafdaa4077bc36e93ff616d1c5dfcad9e001b57b6f4c65f329d582e79",
    "https://raw.githubusercontent.com/Fernthedev/BeatSaber-Deno/593c942ee8f5eac21b8fa1fc70e03a0d2ea07036/types/beatmap/v3/rotationEvent.ts": "f1f15b97da6b250e8e9a5bb3845b4782494bc050fdfc4c626f37bb73a6e6050b",
    "https://raw.githubusercontent.com/Fernthedev/BeatSaber-Deno/593c942ee8f5eac21b8fa1fc70e03a0d2ea07036/types/beatmap/v3/waypoint.ts": "643e44b0214c7d029daa21973a452d2f192a9a6aec8942162977f45a886dc8cd",
    "https://raw.githubusercontent.com/Fernthedev/BeatSaber-Deno/593c942ee8f5eac21b8fa1fc70e03a0d2ea07036/types/beatmap/wrapper/arc.ts": "dc1cdf78da73acb0c1c5aff0cb555a57af1463e4be9e89e94647226c1f3879c7",
    "https://raw.githubusercontent.com/Fernthedev/BeatSaber-Deno/593c942ee8f5eac21b8fa1fc70e03a0d2ea07036/types/beatmap/wrapper/baseItem.ts": "987c7927a45941d12326878cae02aea01fc8804b110fd5f03aaaf8b43aa62ac4",
    "https://raw.githubusercontent.com/Fernthedev/BeatSaber-Deno/593c942ee8f5eac21b8fa1fc70e03a0d2ea07036/types/beatmap/wrapper/baseNote.ts": "bd114f1fbee10c96703ceb8b7ba59b5a19fba793ee8e7688da16f759a4188326",
    "https://raw.githubusercontent.com/Fernthedev/BeatSaber-Deno/593c942ee8f5eac21b8fa1fc70e03a0d2ea07036/types/beatmap/wrapper/baseObject.ts": "c11acbf6865bd94ef9f0f975b9b3ba500ca59df68fab65e65e3c13e6b104230f",
    "https://raw.githubusercontent.com/Fernthedev/BeatSaber-Deno/593c942ee8f5eac21b8fa1fc70e03a0d2ea07036/types/beatmap/wrapper/baseSlider.ts": "922ffa0bea7bbb250096a14a4e1178efa7be07480f3caab22216a17a42124c92",
    "https://raw.githubusercontent.com/Fernthedev/BeatSaber-Deno/593c942ee8f5eac21b8fa1fc70e03a0d2ea07036/types/beatmap/wrapper/bombNote.ts": "123aee875e60b36b447cf3e01608d8e0d0bee5a2ee00fb2250f027de72b878a3",
    "https://raw.githubusercontent.com/Fernthedev/BeatSaber-Deno/593c942ee8f5eac21b8fa1fc70e03a0d2ea07036/types/beatmap/wrapper/bpmEvent.ts": "1fc31ce52eaf10fb597e2ed7e809039036f9eaeaae5660bedd1e491ab9000b69",
    "https://raw.githubusercontent.com/Fernthedev/BeatSaber-Deno/593c942ee8f5eac21b8fa1fc70e03a0d2ea07036/types/beatmap/wrapper/chain.ts": "2e734d78307cb33619f94b3797a3ca64411b7ce81572772ca997c30f889378c1",
    "https://raw.githubusercontent.com/Fernthedev/BeatSaber-Deno/593c942ee8f5eac21b8fa1fc70e03a0d2ea07036/types/beatmap/wrapper/colorBoostEvent.ts": "772d059bc23ceae67f1cc2d210c54e54cfd02038cb80e52af8b68a5959b34869",
    "https://raw.githubusercontent.com/Fernthedev/BeatSaber-Deno/593c942ee8f5eac21b8fa1fc70e03a0d2ea07036/types/beatmap/wrapper/colorNote.ts": "f016f44492229d7cc2294994c12122b40a28891af70411e9a060b61cbba364d2",
    "https://raw.githubusercontent.com/Fernthedev/BeatSaber-Deno/593c942ee8f5eac21b8fa1fc70e03a0d2ea07036/types/beatmap/wrapper/container.ts": "c8be81c14a4a10368eb34f37cf39f78a06575dcc52830e30af514e3fd84dbf77",
    "https://raw.githubusercontent.com/Fernthedev/BeatSaber-Deno/593c942ee8f5eac21b8fa1fc70e03a0d2ea07036/types/beatmap/wrapper/difficulty.ts": "abaee6dc8728731af39a461079ad55285a9076a3dca87e229115c4223c3c1e90",
    "https://raw.githubusercontent.com/Fernthedev/BeatSaber-Deno/593c942ee8f5eac21b8fa1fc70e03a0d2ea07036/types/beatmap/wrapper/event.ts": "78d1ca4f9d25a7089e6b2ef67eb8a47d14d8131dd380e7a3ba786c2bb1e7009b",
    "https://raw.githubusercontent.com/Fernthedev/BeatSaber-Deno/593c942ee8f5eac21b8fa1fc70e03a0d2ea07036/types/beatmap/wrapper/eventBox.ts": "828bb4c5b4c1051c08150b094d6857878156376134dcb3ddc94a63238892f322",
    "https://raw.githubusercontent.com/Fernthedev/BeatSaber-Deno/593c942ee8f5eac21b8fa1fc70e03a0d2ea07036/types/beatmap/wrapper/eventBoxGroup.ts": "353eaafeaf733b6845a7913a5a195356eb48cd77d223a444c16cac731c5d7253",
    "https://raw.githubusercontent.com/Fernthedev/BeatSaber-Deno/593c942ee8f5eac21b8fa1fc70e03a0d2ea07036/types/beatmap/wrapper/eventTypesForKeywords.ts": "0517a45bd4a966feb2689a82c556cec9acf5ef2132615e4ca2b23f0c33e0f305",
    "https://raw.githubusercontent.com/Fernthedev/BeatSaber-Deno/593c942ee8f5eac21b8fa1fc70e03a0d2ea07036/types/beatmap/wrapper/eventTypesWithKeywords.ts": "3c8f2d512470a51747b5f69f524f3b94cff3bca40fb7f6ea22f44fdeb2e8d085",
    "https://raw.githubusercontent.com/Fernthedev/BeatSaber-Deno/593c942ee8f5eac21b8fa1fc70e03a0d2ea07036/types/beatmap/wrapper/gridObject.ts": "cda378cc35880c1e47d3aac7ad458414c4993f106770ea69f807691ebaeca576",
    "https://raw.githubusercontent.com/Fernthedev/BeatSaber-Deno/593c942ee8f5eac21b8fa1fc70e03a0d2ea07036/types/beatmap/wrapper/indexFilter.ts": "9c70c2a7396edc35f066a5612ffafaa4e4477a235dbd8a16aaaea9768301181c",
    "https://raw.githubusercontent.com/Fernthedev/BeatSaber-Deno/593c942ee8f5eac21b8fa1fc70e03a0d2ea07036/types/beatmap/wrapper/info.ts": "45d60e272b410d357f44642ff281bac345cc95a5fd6235e4e21e5aa512b18f79",
    "https://raw.githubusercontent.com/Fernthedev/BeatSaber-Deno/593c942ee8f5eac21b8fa1fc70e03a0d2ea07036/types/beatmap/wrapper/lightColorBase.ts": "38344c0a34c69608d62f4ecbf4672e98f87a238eada21539043acbfa17957ad7",
    "https://raw.githubusercontent.com/Fernthedev/BeatSaber-Deno/593c942ee8f5eac21b8fa1fc70e03a0d2ea07036/types/beatmap/wrapper/lightColorEventBox.ts": "7d9ee9748c9e78ab6b77f15def48d94b24565fbeb14778ac0a58fb884a35fb80",
    "https://raw.githubusercontent.com/Fernthedev/BeatSaber-Deno/593c942ee8f5eac21b8fa1fc70e03a0d2ea07036/types/beatmap/wrapper/lightColorEventBoxGroup.ts": "4ad67a998813d56846ab1727415f62472adb370eb130c865af7b7bc468573432",
    "https://raw.githubusercontent.com/Fernthedev/BeatSaber-Deno/593c942ee8f5eac21b8fa1fc70e03a0d2ea07036/types/beatmap/wrapper/lightRotationBase.ts": "06258a10d1f1079ae97556dae7f4acc09b9ebf65e2c85a03a2b6ad74e4d11fcd",
    "https://raw.githubusercontent.com/Fernthedev/BeatSaber-Deno/593c942ee8f5eac21b8fa1fc70e03a0d2ea07036/types/beatmap/wrapper/lightRotationEventBox.ts": "6ef82404378b92dd3671499a1b534671ff9d7692f4d5c94e6ca0abd472cbaea8",
    "https://raw.githubusercontent.com/Fernthedev/BeatSaber-Deno/593c942ee8f5eac21b8fa1fc70e03a0d2ea07036/types/beatmap/wrapper/lightRotationEventBoxGroup.ts": "29daf7a11aaa10e846ff33e2d18f23b15e98290c56255c20f03dbbe95b54a43e",
    "https://raw.githubusercontent.com/Fernthedev/BeatSaber-Deno/593c942ee8f5eac21b8fa1fc70e03a0d2ea07036/types/beatmap/wrapper/lightTranslationBase.ts": "7a7d9dde7184f0ddb54e1de9a73e839171f6001b0bda2bb1eb0bd2d9e5792402",
    "https://raw.githubusercontent.com/Fernthedev/BeatSaber-Deno/593c942ee8f5eac21b8fa1fc70e03a0d2ea07036/types/beatmap/wrapper/lightTranslationEventBox.ts": "2e070ffe373786aa28c9690d8c9c8e1293bd867e7c7923c70d3a4cd71a806178",
    "https://raw.githubusercontent.com/Fernthedev/BeatSaber-Deno/593c942ee8f5eac21b8fa1fc70e03a0d2ea07036/types/beatmap/wrapper/lightTranslationEventBoxGroup.ts": "8fbe0814a896acde66f96baf682c6e107c5a4813c3a00e5a98fc38491dd72230",
    "https://raw.githubusercontent.com/Fernthedev/BeatSaber-Deno/593c942ee8f5eac21b8fa1fc70e03a0d2ea07036/types/beatmap/wrapper/mod.ts": "b453a08b3eed15ed1f812034e697ed3599e97360e16088f4f7a149be39a77350",
    "https://raw.githubusercontent.com/Fernthedev/BeatSaber-Deno/593c942ee8f5eac21b8fa1fc70e03a0d2ea07036/types/beatmap/wrapper/obstacle.ts": "8bbd086f476eceb516813393b9d17b82935137181528464cedf9910ce611b7f5",
    "https://raw.githubusercontent.com/Fernthedev/BeatSaber-Deno/593c942ee8f5eac21b8fa1fc70e03a0d2ea07036/types/beatmap/wrapper/rotationEvent.ts": "ea19dd41b96595d3aba584bec8192752104b1b18fd19afe0927719effca90454",
    "https://raw.githubusercontent.com/Fernthedev/BeatSaber-Deno/593c942ee8f5eac21b8fa1fc70e03a0d2ea07036/types/beatmap/wrapper/waypoint.ts": "349bf965f053834d0bc997d748bd8c172593e7681e8045449701a20e6d6633d9",
    "https://raw.githubusercontent.com/Fernthedev/BeatSaber-Deno/593c942ee8f5eac21b8fa1fc70e03a0d2ea07036/types/colors.ts": "ef21f8e0150f8e13dde1e61104f79bf1e4e33a3f4143890a7810a56518eabfec",
    "https://raw.githubusercontent.com/Fernthedev/BeatSaber-Deno/593c942ee8f5eac21b8fa1fc70e03a0d2ea07036/types/easings.ts": "59953efd62471a3d1e540912b3a8ef0d2e222978b2e8d70b3893c3ccb836c005",
    "https://raw.githubusercontent.com/Fernthedev/BeatSaber-Deno/593c942ee8f5eac21b8fa1fc70e03a0d2ea07036/types/utils.ts": "6a50c383c23f38d3317231b9c0059dea75bfef15ce7a5c5a422d76dfb5f80ce3",
    "https://raw.githubusercontent.com/Fernthedev/BeatSaber-Deno/593c942ee8f5eac21b8fa1fc70e03a0d2ea07036/types/vector.ts": "da492048425a972eb4e8b89be96e949dd89bf1975008581082869db09200c16d"
  }
}
